
Microsoft Visual Studio Solution File, Format Version 12.00
# Visual Studio Version 16
Project("{2150E333-8FDC-42A3-9474-1A3956D46DE8}") = "src", "src", "{7EE87523-F8BD-4A56-AFBF-27D0D0AA3F48}"
EndProject
Project("{2150E333-8FDC-42A3-9474-1A3956D46DE8}") = "corePackages", "corePackages", "{3F17A3D5-6079-416B-A044-87842AFDB3F1}"
EndProject
Project("{2150E333-8FDC-42A3-9474-1A3956D46DE8}") = "kodlamaioDevs", "kodlamaioDevs", "{11D762A8-4405-4BFF-8BBB-38D6D185B230}"
EndProject
Project("{FAE04EC0-301F-11D3-BF4B-00C04F79EFBC}") = "Core.Application", "src\corePackages\Core.Application\Core.Application.csproj", "{389BF4B5-7B57-46C0-B31D-EE2F62341099}"
EndProject
Project("{FAE04EC0-301F-11D3-BF4B-00C04F79EFBC}") = "Core.CrossCuttingConcerns", "src\corePackages\Core.CrossCuttingConcers\Core.CrossCuttingConcerns.csproj", "{36D4D1C6-636C-420F-A034-E49BD312DB19}"
EndProject
Project("{FAE04EC0-301F-11D3-BF4B-00C04F79EFBC}") = "Core.ElasticSearch", "src\corePackages\Core.ElasticSearch\Core.ElasticSearch.csproj", "{D7151082-29CD-4584-8591-28AA2B0D0275}"
EndProject
Project("{FAE04EC0-301F-11D3-BF4B-00C04F79EFBC}") = "Core.Mailing", "src\corePackages\Core.Mailing\Core.Mailing.csproj", "{EE1A2D0A-D6F7-4FE5-AEE7-A8A4B1E16B50}"
EndProject
Project("{FAE04EC0-301F-11D3-BF4B-00C04F79EFBC}") = "Core.Persistence", "src\corePackages\Core.Persistence\Core.Persistence.csproj", "{1B8219E3-59E3-4D52-B900-0B5C3FB9FA18}"
EndProject
Project("{FAE04EC0-301F-11D3-BF4B-00C04F79EFBC}") = "Core.Security", "src\corePackages\Core.Security\Core.Security.csproj", "{1F50A3CF-D83F-4D4E-A209-5CBF7CACC907}"
EndProject
Project("{FAE04EC0-301F-11D3-BF4B-00C04F79EFBC}") = "Application", "src\kodlamaioDevs\Application\Application.csproj", "{5AC620E5-CB9C-4915-958C-0818A35D5875}"
EndProject
Project("{FAE04EC0-301F-11D3-BF4B-00C04F79EFBC}") = "Domain", "src\kodlamaioDevs\Domain\Domain.csproj", "{C65B3558-5DC9-4E39-A34B-6A0A92970EC5}"
EndProject
Project("{FAE04EC0-301F-11D3-BF4B-00C04F79EFBC}") = "Infrastructure", "src\kodlamaioDevs\Infrastructure\Infrastructure.csproj", "{1444AFFA-C8D9-4756-8E10-FE43BFE48FD1}"
EndProject
Project("{FAE04EC0-301F-11D3-BF4B-00C04F79EFBC}") = "Persistence", "src\kodlamaioDevs\Persistence\Persistence.csproj", "{055BAEB6-F19D-44A1-A993-6FA4C8CF89BD}"
EndProject
Project("{FAE04EC0-301F-11D3-BF4B-00C04F79EFBC}") = "WebAPI", "src\kodlamaioDevs\WebAPI\WebAPI.csproj", "{1932F978-76A1-4BB6-BD15-2A13709D3877}"
EndProject
Global
	GlobalSection(SolutionConfigurationPlatforms) = preSolution
		Debug|Any CPU = Debug|Any CPU
		Release|Any CPU = Release|Any CPU
	EndGlobalSection
	GlobalSection(NestedProjects) = preSolution
		{3F17A3D5-6079-416B-A044-87842AFDB3F1} = {7EE87523-F8BD-4A56-AFBF-27D0D0AA3F48}
		{11D762A8-4405-4BFF-8BBB-38D6D185B230} = {7EE87523-F8BD-4A56-AFBF-27D0D0AA3F48}
		{389BF4B5-7B57-46C0-B31D-EE2F62341099} = {3F17A3D5-6079-416B-A044-87842AFDB3F1}
		{36D4D1C6-636C-420F-A034-E49BD312DB19} = {3F17A3D5-6079-416B-A044-87842AFDB3F1}
		{D7151082-29CD-4584-8591-28AA2B0D0275} = {3F17A3D5-6079-416B-A044-87842AFDB3F1}
		{EE1A2D0A-D6F7-4FE5-AEE7-A8A4B1E16B50} = {3F17A3D5-6079-416B-A044-87842AFDB3F1}
		{1B8219E3-59E3-4D52-B900-0B5C3FB9FA18} = {3F17A3D5-6079-416B-A044-87842AFDB3F1}
		{1F50A3CF-D83F-4D4E-A209-5CBF7CACC907} = {3F17A3D5-6079-416B-A044-87842AFDB3F1}
		{5AC620E5-CB9C-4915-958C-0818A35D5875} = {11D762A8-4405-4BFF-8BBB-38D6D185B230}
		{C65B3558-5DC9-4E39-A34B-6A0A92970EC5} = {11D762A8-4405-4BFF-8BBB-38D6D185B230}
		{1444AFFA-C8D9-4756-8E10-FE43BFE48FD1} = {11D762A8-4405-4BFF-8BBB-38D6D185B230}
		{055BAEB6-F19D-44A1-A993-6FA4C8CF89BD} = {11D762A8-4405-4BFF-8BBB-38D6D185B230}
		{1932F978-76A1-4BB6-BD15-2A13709D3877} = {11D762A8-4405-4BFF-8BBB-38D6D185B230}
	EndGlobalSection
	GlobalSection(ProjectConfigurationPlatforms) = postSolution
		{389BF4B5-7B57-46C0-B31D-EE2F62341099}.Debug|Any CPU.ActiveCfg = Debug|Any CPU
		{389BF4B5-7B57-46C0-B31D-EE2F62341099}.Debug|Any CPU.Build.0 = Debug|Any CPU
		{389BF4B5-7B57-46C0-B31D-EE2F62341099}.Release|Any CPU.ActiveCfg = Release|Any CPU
		{389BF4B5-7B57-46C0-B31D-EE2F62341099}.Release|Any CPU.Build.0 = Release|Any CPU
		{36D4D1C6-636C-420F-A034-E49BD312DB19}.Debug|Any CPU.ActiveCfg = Debug|Any CPU
		{36D4D1C6-636C-420F-A034-E49BD312DB19}.Debug|Any CPU.Build.0 = Debug|Any CPU
		{36D4D1C6-636C-420F-A034-E49BD312DB19}.Release|Any CPU.ActiveCfg = Release|Any CPU
		{36D4D1C6-636C-420F-A034-E49BD312DB19}.Release|Any CPU.Build.0 = Release|Any CPU
		{D7151082-29CD-4584-8591-28AA2B0D0275}.Debug|Any CPU.ActiveCfg = Debug|Any CPU
		{D7151082-29CD-4584-8591-28AA2B0D0275}.Debug|Any CPU.Build.0 = Debug|Any CPU
		{D7151082-29CD-4584-8591-28AA2B0D0275}.Release|Any CPU.ActiveCfg = Release|Any CPU
		{D7151082-29CD-4584-8591-28AA2B0D0275}.Release|Any CPU.Build.0 = Release|Any CPU
		{EE1A2D0A-D6F7-4FE5-AEE7-A8A4B1E16B50}.Debug|Any CPU.ActiveCfg = Debug|Any CPU
		{EE1A2D0A-D6F7-4FE5-AEE7-A8A4B1E16B50}.Debug|Any CPU.Build.0 = Debug|Any CPU
		{EE1A2D0A-D6F7-4FE5-AEE7-A8A4B1E16B50}.Release|Any CPU.ActiveCfg = Release|Any CPU
		{EE1A2D0A-D6F7-4FE5-AEE7-A8A4B1E16B50}.Release|Any CPU.Build.0 = Release|Any CPU
		{1B8219E3-59E3-4D52-B900-0B5C3FB9FA18}.Debug|Any CPU.ActiveCfg = Debug|Any CPU
		{1B8219E3-59E3-4D52-B900-0B5C3FB9FA18}.Debug|Any CPU.Build.0 = Debug|Any CPU
		{1B8219E3-59E3-4D52-B900-0B5C3FB9FA18}.Release|Any CPU.ActiveCfg = Release|Any CPU
		{1B8219E3-59E3-4D52-B900-0B5C3FB9FA18}.Release|Any CPU.Build.0 = Release|Any CPU
		{1F50A3CF-D83F-4D4E-A209-5CBF7CACC907}.Debug|Any CPU.ActiveCfg = Debug|Any CPU
		{1F50A3CF-D83F-4D4E-A209-5CBF7CACC907}.Debug|Any CPU.Build.0 = Debug|Any CPU
		{1F50A3CF-D83F-4D4E-A209-5CBF7CACC907}.Release|Any CPU.ActiveCfg = Release|Any CPU
		{1F50A3CF-D83F-4D4E-A209-5CBF7CACC907}.Release|Any CPU.Build.0 = Release|Any CPU
		{5AC620E5-CB9C-4915-958C-0818A35D5875}.Debug|Any CPU.ActiveCfg = Debug|Any CPU
		{5AC620E5-CB9C-4915-958C-0818A35D5875}.Debug|Any CPU.Build.0 = Debug|Any CPU
		{5AC620E5-CB9C-4915-958C-0818A35D5875}.Release|Any CPU.ActiveCfg = Release|Any CPU
		{5AC620E5-CB9C-4915-958C-0818A35D5875}.Release|Any CPU.Build.0 = Release|Any CPU
		{C65B3558-5DC9-4E39-A34B-6A0A92970EC5}.Debug|Any CPU.ActiveCfg = Debug|Any CPU
		{C65B3558-5DC9-4E39-A34B-6A0A92970EC5}.Debug|Any CPU.Build.0 = Debug|Any CPU
		{C65B3558-5DC9-4E39-A34B-6A0A92970EC5}.Release|Any CPU.ActiveCfg = Release|Any CPU
		{C65B3558-5DC9-4E39-A34B-6A0A92970EC5}.Release|Any CPU.Build.0 = Release|Any CPU
		{1444AFFA-C8D9-4756-8E10-FE43BFE48FD1}.Debug|Any CPU.ActiveCfg = Debug|Any CPU
		{1444AFFA-C8D9-4756-8E10-FE43BFE48FD1}.Debug|Any CPU.Build.0 = Debug|Any CPU
		{1444AFFA-C8D9-4756-8E10-FE43BFE48FD1}.Release|Any CPU.ActiveCfg = Release|Any CPU
		{1444AFFA-C8D9-4756-8E10-FE43BFE48FD1}.Release|Any CPU.Build.0 = Release|Any CPU
		{055BAEB6-F19D-44A1-A993-6FA4C8CF89BD}.Debug|Any CPU.ActiveCfg = Debug|Any CPU
		{055BAEB6-F19D-44A1-A993-6FA4C8CF89BD}.Debug|Any CPU.Build.0 = Debug|Any CPU
		{055BAEB6-F19D-44A1-A993-6FA4C8CF89BD}.Release|Any CPU.ActiveCfg = Release|Any CPU
		{055BAEB6-F19D-44A1-A993-6FA4C8CF89BD}.Release|Any CPU.Build.0 = Release|Any CPU
		{1932F978-76A1-4BB6-BD15-2A13709D3877}.Debug|Any CPU.ActiveCfg = Debug|Any CPU
		{1932F978-76A1-4BB6-BD15-2A13709D3877}.Debug|Any CPU.Build.0 = Debug|Any CPU
		{1932F978-76A1-4BB6-BD15-2A13709D3877}.Release|Any CPU.ActiveCfg = Release|Any CPU
		{1932F978-76A1-4BB6-BD15-2A13709D3877}.Release|Any CPU.Build.0 = Release|Any CPU
	EndGlobalSection
EndGlobal
